
Microsoft Visual Studio Solution File, Format Version 12.00
# Visual Studio Version 17
VisualStudioVersion = 17.11.35312.102
MinimumVisualStudioVersion = 10.0.40219.1
Project("{FAE04EC0-301F-11D3-BF4B-00C04F79EFBC}") = "RestApi", "RestApi.csproj", "{47268CF9-EC18-41C2-95D6-5919B1D17DB9}"
EndProject
Global
	GlobalSection(SolutionConfigurationPlatforms) = preSolution
		Debug|Any CPU = Debug|Any CPU
		Release|Any CPU = Release|Any CPU
	EndGlobalSection
	GlobalSection(ProjectConfigurationPlatforms) = postSolution
		{47268CF9-EC18-41C2-95D6-5919B1D17DB9}.Debug|Any CPU.ActiveCfg = Debug|Any CPU
		{47268CF9-EC18-41C2-95D6-5919B1D17DB9}.Debug|Any CPU.Build.0 = Debug|Any CPU
		{47268CF9-EC18-41C2-95D6-5919B1D17DB9}.Release|Any CPU.ActiveCfg = Release|Any CPU
		{47268CF9-EC18-41C2-95D6-5919B1D17DB9}.Release|Any CPU.Build.0 = Release|Any CPU
	EndGlobalSection
	GlobalSection(SolutionProperties) = preSolution
		HideSolutionNode = FALSE
	EndGlobalSection
	GlobalSection(ExtensibilityGlobals) = postSolution
		SolutionGuid = {9ACB4DA4-06E5-41FE-962B-AA6D79858760}
	EndGlobalSection
EndGlobal
